# THIS IS AN AUTOGENERATED FILE. DO NOT EDIT THIS FILE DIRECTLY.
# yarn lockfile v1


"@babel/runtime@7.0.0":
  version "7.0.0"
  resolved "https://registry.yarnpkg.com/@babel/runtime/-/runtime-7.0.0.tgz#adeb78fedfc855aa05bc041640f3f6f98e85424c"
  integrity sha512-7hGhzlcmg01CvH1EHdSPVXYX1aJ8KCEyz6I9xYIi/asDtzBPMyMhVibhM/K6g/5qnKBwjZtp10bNZIEFTRW1MA==
  dependencies:
    regenerator-runtime "^0.12.0"

fn-name@~2.0.1:
  version "2.0.1"
  resolved "https://registry.yarnpkg.com/fn-name/-/fn-name-2.0.1.tgz#5214d7537a4d06a4a301c0cc262feb84188002e7"
  integrity sha1-UhTXU3pNBqSjAcDMJi/rhBiAAuc=

lodash@^4.17.10:
  version "4.17.11"
  resolved "https://registry.yarnpkg.com/lodash/-/lodash-4.17.11.tgz#b39ea6229ef607ecd89e2c8df12536891cac9b8d"
  integrity sha512-cQKh8igo5QUhZ7lg38DYWAxMvjSAKG0A8wGSVimP07SIUEK2UO+arSRKbRZWtelMtN5V0Hkwh5ryOto/SshYIg==

property-expr@^1.5.0:
  version "1.5.1"
  resolved "https://registry.yarnpkg.com/property-expr/-/property-expr-1.5.1.tgz#22e8706894a0c8e28d58735804f6ba3a3673314f"
  integrity sha512-CGuc0VUTGthpJXL36ydB6jnbyOf/rAHFvmVrJlH+Rg0DqqLFQGAP6hIaxD/G0OAmBJPhXDHuEJigrp0e0wFV6g==

regenerator-runtime@^0.12.0:
  version "0.12.1"
  resolved "https://registry.yarnpkg.com/regenerator-runtime/-/regenerator-runtime-0.12.1.tgz#fa1a71544764c036f8c49b13a08b2594c9f8a0de"
  integrity sha512-odxIc1/vDlo4iZcfXqRYFj0vpXFNoGdKMAUieAlFYO6m/nl5e9KR/beGf41z4a1FI+aQgtjhuaSlDxQ0hmkrHg==

synchronous-promise@^2.0.5:
  version "2.0.6"
  resolved "https://registry.yarnpkg.com/synchronous-promise/-/synchronous-promise-2.0.6.tgz#de76e0ea2b3558c1e673942e47e714a930fa64aa"
  integrity sha512-TyOuWLwkmtPL49LHCX1caIwHjRzcVd62+GF6h8W/jHOeZUFHpnd2XJDVuUlaTaLPH1nuu2M69mfHr5XbQJnf/g==

toposort@^2.0.2:
  version "2.0.2"
  resolved "https://registry.yarnpkg.com/toposort/-/toposort-2.0.2.tgz#ae21768175d1559d48bef35420b2f4962f09c330"
  integrity sha1-riF2gXXRVZ1IvvNUILL0li8JwzA=

yup@^0.26.10:
  version "0.26.10"
  resolved "https://registry.yarnpkg.com/yup/-/yup-0.26.10.tgz#3545839663289038faf25facfc07e11fd67c0cb1"
  integrity sha512-keuNEbNSnsOTOuGCt3UJW69jDE3O4P+UHAakO7vSeFMnjaitcmlbij/a3oNb9g1Y1KvSKH/7O1R2PQ4m4TRylw==
  dependencies:
    "@babel/runtime" "7.0.0"
    fn-name "~2.0.1"
    lodash "^4.17.10"
    property-expr "^1.5.0"
    synchronous-promise "^2.0.5"
    toposort "^2.0.2"
